<?xml version="1.0" encoding="utf-8"?>
<Project ToolsVersion="4.0" xmlns="http://schemas.microsoft.com/developer/msbuild/2003">
  <ItemGroup>
    <ClCompile Include="Source\Application.cpp" />
    <ClCompile Include="Source\Button.cpp" />
    <ClCompile Include="Source\CharacterObject.cpp" />
    <ClCompile Include="Source\CustomCam1.cpp" />
    <ClCompile Include="Source\CustomCamThirdPerson.cpp" />
    <ClCompile Include="Source\DepthFBO.cpp" />
    <ClCompile Include="Source\GameObject.cpp" />
    <ClCompile Include="Source\GBuffer.cpp" />
    <ClCompile Include="Source\ItemObject.cpp" />
    <ClCompile Include="Source\LoadHmap.cpp" />
    <ClCompile Include="Source\Camera.cpp" />
    <ClCompile Include="Source\Camera2.cpp" />
    <ClCompile Include="Source\Camera4.cpp" />
    <ClCompile Include="Source\Camera5.cpp" />
    <ClCompile Include="Source\LoadOBJ.cpp" />
    <ClCompile Include="Source\LoadTGA.cpp" />
    <ClCompile Include="Source\LuaScript.cpp" />
    <ClCompile Include="Source\main.cpp" />
    <ClCompile Include="Source\MainScene.cpp" />
    <ClCompile Include="Source\maploader.cpp" />
    <ClCompile Include="Source\MenuScene.cpp" />
    <ClCompile Include="Source\Mesh.cpp" />
    <ClCompile Include="Source\MeshBuilder.cpp" />
    <ClCompile Include="Source\Node.cpp" />
    <ClCompile Include="Source\particle.cpp" />
    <ClCompile Include="Source\Pathing.cpp" />
    <ClCompile Include="Source\Player.cpp" />
    <ClCompile Include="Source\RingSegments.cpp" />
    <ClCompile Include="Source\SaveHandler.cpp" />
    <ClCompile Include="Source\SceneManager.cpp" />
    <ClCompile Include="Source\Enemy.cpp" />
    <ClCompile Include="Source\shader.cpp" />
    <ClCompile Include="Source\Sonar.cpp" />
    <ClCompile Include="Source\SoundEngine.cpp" />
    <ClCompile Include="Source\SpecialObject.cpp" />
    <ClCompile Include="Source\SpriteAnimation.cpp" />
    <ClCompile Include="Source\Utility.cpp" />
  </ItemGroup>
  <ItemGroup>
    <ClInclude Include="Source\Application.h" />
    <ClInclude Include="Source\Button.h" />
    <ClInclude Include="Source\CharacterObject.h" />
    <ClInclude Include="Source\CustomCamThirdPerson.h" />
    <ClInclude Include="Source\GameObject.h" />
    <ClInclude Include="Source\ItemObject.h" />
    <ClInclude Include="Source\LuaScript.h" />
    <ClInclude Include="Source\MainScene.h" />
    <ClInclude Include="Source\Node.h" />
    <ClInclude Include="Source\Pathfinding.h" />
    <ClInclude Include="Source\Pathing.h" />
    <ClInclude Include="Source\Player.h" />
    <ClInclude Include="Source\RingSegments.h" />
    <ClInclude Include="Source\SceneManager.h" />
    <ClInclude Include="Source\Enemy.h" />
    <ClInclude Include="Source\Sonar.h" />
    <ClInclude Include="Source\SoundEngine.h" />
    <ClInclude Include="Source\SpecialObject.h" />
    <ClInclude Include="Source\TextButton.h" />
    <ClInclude Include="Source\CustomCam1.h" />
    <ClInclude Include="Source\DepthFBO.h" />
    <ClInclude Include="Source\GBuffer.h" />
    <ClInclude Include="Source\LoadHmap.h" />
    <ClInclude Include="Source\Camera.h" />
    <ClInclude Include="Source\Camera2.h" />
    <ClInclude Include="Source\Camera4.h" />
    <ClInclude Include="Source\Camera5.h" />
    <ClInclude Include="Source\Light.h" />
    <ClInclude Include="Source\LoadOBJ.h" />
    <ClInclude Include="Source\LoadTGA.h" />
    <ClInclude Include="Source\maploader.h" />
    <ClInclude Include="Source\Material.h" />
    <ClInclude Include="Source\MenuScene.h" />
    <ClInclude Include="Source\Mesh.h" />
    <ClInclude Include="Source\MeshBuilder.h" />
    <ClInclude Include="Source\particle.h" />
    <ClInclude Include="Source\SaveHandler.h" />
    <ClInclude Include="Source\Scene.h" />
    <ClInclude Include="Source\shader.hpp" />
    <ClInclude Include="Source\SpriteAnimation.h" />
    <ClInclude Include="Source\Utility.h" />
    <ClInclude Include="Source\Vertex.h" />
  </ItemGroup>
  <ItemGroup>
    <None Include="GameData\Shader\comg.fragmentshader" />
    <None Include="GameData\Shader\comg.vertexshader" />
    <None Include="GameData\Shader\Fog.fragmentshader" />
    <None Include="GameData\Shader\Fog.vertexshader" />
    <None Include="GameData\Shader\GBuffer.fragmentshader" />
    <None Include="GameData\Shader\GBuffer.vertexshader" />
    <None Include="GameData\Shader\GPass.fragmentshader" />
    <None Include="GameData\Shader\GPass.vertexshader" />
    <None Include="GameData\Shader\LightPass.fragmentshader" />
    <None Include="GameData\Shader\LightPass.vertexshader" />
    <None Include="GameData\Shader\Shadow.fragmentshader" />
    <None Include="GameData\Shader\Shadow.vertexshader" />
  </ItemGroup>
</Project>